
Microsoft Visual Studio Solution File, Format Version 12.00
# Visual Studio Version 17
VisualStudioVersion = 17.9.34622.214
MinimumVisualStudioVersion = 10.0.40219.1
Project("{FAE04EC0-301F-11D3-BF4B-00C04F79EFBC}") = "LinqFramework", "LinqFramework.csproj", "{A2142D6B-63B8-46B3-AA30-B01F9C8F7D45}"
EndProject
Project("{FAE04EC0-301F-11D3-BF4B-00C04F79EFBC}") = "LinqFramework.Test", "..\LinqFramework.Test\LinqFramework.Test.csproj", "{13757ACC-0690-4965-9970-D3C459EF3823}"
EndProject
Global
	GlobalSection(SolutionConfigurationPlatforms) = preSolution
		Debug|Any CPU = Debug|Any CPU
		Release|Any CPU = Release|Any CPU
	EndGlobalSection
	GlobalSection(ProjectConfigurationPlatforms) = postSolution
		{A2142D6B-63B8-46B3-AA30-B01F9C8F7D45}.Debug|Any CPU.ActiveCfg = Debug|Any CPU
		{A2142D6B-63B8-46B3-AA30-B01F9C8F7D45}.Debug|Any CPU.Build.0 = Debug|Any CPU
		{A2142D6B-63B8-46B3-AA30-B01F9C8F7D45}.Release|Any CPU.ActiveCfg = Release|Any CPU
		{A2142D6B-63B8-46B3-AA30-B01F9C8F7D45}.Release|Any CPU.Build.0 = Release|Any CPU
		{13757ACC-0690-4965-9970-D3C459EF3823}.Debug|Any CPU.ActiveCfg = Debug|Any CPU
		{13757ACC-0690-4965-9970-D3C459EF3823}.Debug|Any CPU.Build.0 = Debug|Any CPU
		{13757ACC-0690-4965-9970-D3C459EF3823}.Release|Any CPU.ActiveCfg = Release|Any CPU
		{13757ACC-0690-4965-9970-D3C459EF3823}.Release|Any CPU.Build.0 = Release|Any CPU
	EndGlobalSection
	GlobalSection(SolutionProperties) = preSolution
		HideSolutionNode = FALSE
	EndGlobalSection
	GlobalSection(ExtensibilityGlobals) = postSolution
		SolutionGuid = {D4D05EAE-D47C-4CE1-81EA-6DEB2726519E}
	EndGlobalSection
EndGlobal
